
Microsoft Visual Studio Solution File, Format Version 12.00
# Visual Studio 15
VisualStudioVersion = 15.0.27130.2027
MinimumVisualStudioVersion = 10.0.40219.1
Project("{FAE04EC0-301F-11D3-BF4B-00C04F79EFBC}") = "wordmixer", "wordmixer\wordmixer.csproj", "{7270F8F9-9646-484F-8E6A-2591C9C2A21D}"
EndProject
Project("{FAE04EC0-301F-11D3-BF4B-00C04F79EFBC}") = "scramble", "scramble\scramble.csproj", "{8B4AAFF1-9A45-4AFF-B263-D58F46E6710F}"
EndProject
Project("{FAE04EC0-301F-11D3-BF4B-00C04F79EFBC}") = "lause shuffle", "lause shuffle\lause shuffle.csproj", "{9B1C3C81-1CE7-4A43-8092-AC308001EC37}"
EndProject
Project("{FAE04EC0-301F-11D3-BF4B-00C04F79EFBC}") = "tahtede_vahetamine_lauses", "tahtede_vahetamine_lauses\tahtede_vahetamine_lauses.csproj", "{11A559B2-CF5F-4995-A747-175E86919B86}"
EndProject
Global
	GlobalSection(SolutionConfigurationPlatforms) = preSolution
		Debug|Any CPU = Debug|Any CPU
		Release|Any CPU = Release|Any CPU
	EndGlobalSection
	GlobalSection(ProjectConfigurationPlatforms) = postSolution
		{7270F8F9-9646-484F-8E6A-2591C9C2A21D}.Debug|Any CPU.ActiveCfg = Debug|Any CPU
		{7270F8F9-9646-484F-8E6A-2591C9C2A21D}.Debug|Any CPU.Build.0 = Debug|Any CPU
		{7270F8F9-9646-484F-8E6A-2591C9C2A21D}.Release|Any CPU.ActiveCfg = Release|Any CPU
		{7270F8F9-9646-484F-8E6A-2591C9C2A21D}.Release|Any CPU.Build.0 = Release|Any CPU
		{8B4AAFF1-9A45-4AFF-B263-D58F46E6710F}.Debug|Any CPU.ActiveCfg = Debug|Any CPU
		{8B4AAFF1-9A45-4AFF-B263-D58F46E6710F}.Debug|Any CPU.Build.0 = Debug|Any CPU
		{8B4AAFF1-9A45-4AFF-B263-D58F46E6710F}.Release|Any CPU.ActiveCfg = Release|Any CPU
		{8B4AAFF1-9A45-4AFF-B263-D58F46E6710F}.Release|Any CPU.Build.0 = Release|Any CPU
		{9B1C3C81-1CE7-4A43-8092-AC308001EC37}.Debug|Any CPU.ActiveCfg = Debug|Any CPU
		{9B1C3C81-1CE7-4A43-8092-AC308001EC37}.Debug|Any CPU.Build.0 = Debug|Any CPU
		{9B1C3C81-1CE7-4A43-8092-AC308001EC37}.Release|Any CPU.ActiveCfg = Release|Any CPU
		{9B1C3C81-1CE7-4A43-8092-AC308001EC37}.Release|Any CPU.Build.0 = Release|Any CPU
		{11A559B2-CF5F-4995-A747-175E86919B86}.Debug|Any CPU.ActiveCfg = Debug|Any CPU
		{11A559B2-CF5F-4995-A747-175E86919B86}.Debug|Any CPU.Build.0 = Debug|Any CPU
		{11A559B2-CF5F-4995-A747-175E86919B86}.Release|Any CPU.ActiveCfg = Release|Any CPU
		{11A559B2-CF5F-4995-A747-175E86919B86}.Release|Any CPU.Build.0 = Release|Any CPU
	EndGlobalSection
	GlobalSection(SolutionProperties) = preSolution
		HideSolutionNode = FALSE
	EndGlobalSection
	GlobalSection(ExtensibilityGlobals) = postSolution
		SolutionGuid = {7622CC03-CA88-4B9C-B96C-39A0F0E3FF05}
	EndGlobalSection
EndGlobal
