
Microsoft Visual Studio Solution File, Format Version 12.00
# Visual Studio 15
VisualStudioVersion = 15.0.26430.16
MinimumVisualStudioVersion = 10.0.40219.1
Project("{FAE04EC0-301F-11D3-BF4B-00C04F79EFBC}") = "6by6_korrutamine", "6by6_korrutamine\6by6_korrutamine.csproj", "{7D99BE9D-2C91-46ED-ACA9-E40524B173F5}"
EndProject
Project("{FAE04EC0-301F-11D3-BF4B-00C04F79EFBC}") = "research-arrays", "research-arrays\research-arrays.csproj", "{85582C16-5F82-4C98-B68D-474F1335CF28}"
EndProject
Project("{FAE04EC0-301F-11D3-BF4B-00C04F79EFBC}") = "vabanduste_genereerija", "vabanduste_genereerija\vabanduste_genereerija.csproj", "{D831ABFA-1F08-4562-A94B-598D2099FEC1}"
EndProject
Project("{FAE04EC0-301F-11D3-BF4B-00C04F79EFBC}") = "Tunnikontroll", "Tunnikontroll\Tunnikontroll.csproj", "{0FE8FB7D-8912-4671-A8DF-472729F2E249}"
EndProject
Project("{FAE04EC0-301F-11D3-BF4B-00C04F79EFBC}") = "meetod", "meetod\meetod.csproj", "{C60615F4-0065-4194-84FE-E6F02BD2E3E9}"
EndProject
Global
	GlobalSection(SolutionConfigurationPlatforms) = preSolution
		Debug|Any CPU = Debug|Any CPU
		Release|Any CPU = Release|Any CPU
	EndGlobalSection
	GlobalSection(ProjectConfigurationPlatforms) = postSolution
		{7D99BE9D-2C91-46ED-ACA9-E40524B173F5}.Debug|Any CPU.ActiveCfg = Debug|Any CPU
		{7D99BE9D-2C91-46ED-ACA9-E40524B173F5}.Debug|Any CPU.Build.0 = Debug|Any CPU
		{7D99BE9D-2C91-46ED-ACA9-E40524B173F5}.Release|Any CPU.ActiveCfg = Release|Any CPU
		{7D99BE9D-2C91-46ED-ACA9-E40524B173F5}.Release|Any CPU.Build.0 = Release|Any CPU
		{85582C16-5F82-4C98-B68D-474F1335CF28}.Debug|Any CPU.ActiveCfg = Debug|Any CPU
		{85582C16-5F82-4C98-B68D-474F1335CF28}.Debug|Any CPU.Build.0 = Debug|Any CPU
		{85582C16-5F82-4C98-B68D-474F1335CF28}.Release|Any CPU.ActiveCfg = Release|Any CPU
		{85582C16-5F82-4C98-B68D-474F1335CF28}.Release|Any CPU.Build.0 = Release|Any CPU
		{D831ABFA-1F08-4562-A94B-598D2099FEC1}.Debug|Any CPU.ActiveCfg = Debug|Any CPU
		{D831ABFA-1F08-4562-A94B-598D2099FEC1}.Debug|Any CPU.Build.0 = Debug|Any CPU
		{D831ABFA-1F08-4562-A94B-598D2099FEC1}.Release|Any CPU.ActiveCfg = Release|Any CPU
		{D831ABFA-1F08-4562-A94B-598D2099FEC1}.Release|Any CPU.Build.0 = Release|Any CPU
		{0FE8FB7D-8912-4671-A8DF-472729F2E249}.Debug|Any CPU.ActiveCfg = Debug|Any CPU
		{0FE8FB7D-8912-4671-A8DF-472729F2E249}.Debug|Any CPU.Build.0 = Debug|Any CPU
		{0FE8FB7D-8912-4671-A8DF-472729F2E249}.Release|Any CPU.ActiveCfg = Release|Any CPU
		{0FE8FB7D-8912-4671-A8DF-472729F2E249}.Release|Any CPU.Build.0 = Release|Any CPU
		{C60615F4-0065-4194-84FE-E6F02BD2E3E9}.Debug|Any CPU.ActiveCfg = Debug|Any CPU
		{C60615F4-0065-4194-84FE-E6F02BD2E3E9}.Debug|Any CPU.Build.0 = Debug|Any CPU
		{C60615F4-0065-4194-84FE-E6F02BD2E3E9}.Release|Any CPU.ActiveCfg = Release|Any CPU
		{C60615F4-0065-4194-84FE-E6F02BD2E3E9}.Release|Any CPU.Build.0 = Release|Any CPU
	EndGlobalSection
	GlobalSection(SolutionProperties) = preSolution
		HideSolutionNode = FALSE
	EndGlobalSection
EndGlobal
