
Microsoft Visual Studio Solution File, Format Version 12.00
# Visual Studio 15
VisualStudioVersion = 15.0.27004.2009
MinimumVisualStudioVersion = 10.0.40219.1
Project("{FAE04EC0-301F-11D3-BF4B-00C04F79EFBC}") = "Tunnikontroll2", "Tunnikontroll2\Tunnikontroll2.csproj", "{33C509B4-9A6F-4A88-ADD3-725E77FAA54E}"
EndProject
Project("{FAE04EC0-301F-11D3-BF4B-00C04F79EFBC}") = "Tunnikontroll2_1", "Tunnikontroll2_1\Tunnikontroll2_1.csproj", "{CEEB0270-86F5-4081-9017-90055CCA801B}"
EndProject
Global
	GlobalSection(SolutionConfigurationPlatforms) = preSolution
		Debug|Any CPU = Debug|Any CPU
		Release|Any CPU = Release|Any CPU
	EndGlobalSection
	GlobalSection(ProjectConfigurationPlatforms) = postSolution
		{33C509B4-9A6F-4A88-ADD3-725E77FAA54E}.Debug|Any CPU.ActiveCfg = Debug|Any CPU
		{33C509B4-9A6F-4A88-ADD3-725E77FAA54E}.Debug|Any CPU.Build.0 = Debug|Any CPU
		{33C509B4-9A6F-4A88-ADD3-725E77FAA54E}.Release|Any CPU.ActiveCfg = Release|Any CPU
		{33C509B4-9A6F-4A88-ADD3-725E77FAA54E}.Release|Any CPU.Build.0 = Release|Any CPU
		{CEEB0270-86F5-4081-9017-90055CCA801B}.Debug|Any CPU.ActiveCfg = Debug|Any CPU
		{CEEB0270-86F5-4081-9017-90055CCA801B}.Debug|Any CPU.Build.0 = Debug|Any CPU
		{CEEB0270-86F5-4081-9017-90055CCA801B}.Release|Any CPU.ActiveCfg = Release|Any CPU
		{CEEB0270-86F5-4081-9017-90055CCA801B}.Release|Any CPU.Build.0 = Release|Any CPU
	EndGlobalSection
	GlobalSection(SolutionProperties) = preSolution
		HideSolutionNode = FALSE
	EndGlobalSection
	GlobalSection(ExtensibilityGlobals) = postSolution
		SolutionGuid = {A6F90451-CEBF-4353-B20B-4D08F6E91011}
	EndGlobalSection
EndGlobal
