
Microsoft Visual Studio Solution File, Format Version 12.00
# Visual Studio 15
VisualStudioVersion = 15.0.27004.2009
MinimumVisualStudioVersion = 10.0.40219.1
Project("{FAE04EC0-301F-11D3-BF4B-00C04F79EFBC}") = "Restorani check", "tunnitoo_15.01.2018\Restorani check.csproj", "{33357848-9511-4332-B56F-968639A8B1DB}"
EndProject
Project("{FAE04EC0-301F-11D3-BF4B-00C04F79EFBC}") = "Hangman", "Hangman\Hangman.csproj", "{47DFC7C8-3A6C-48A7-9CE1-90477C5DA52D}"
EndProject
Global
	GlobalSection(SolutionConfigurationPlatforms) = preSolution
		Debug|Any CPU = Debug|Any CPU
		Release|Any CPU = Release|Any CPU
	EndGlobalSection
	GlobalSection(ProjectConfigurationPlatforms) = postSolution
		{33357848-9511-4332-B56F-968639A8B1DB}.Debug|Any CPU.ActiveCfg = Debug|Any CPU
		{33357848-9511-4332-B56F-968639A8B1DB}.Debug|Any CPU.Build.0 = Debug|Any CPU
		{33357848-9511-4332-B56F-968639A8B1DB}.Release|Any CPU.ActiveCfg = Release|Any CPU
		{33357848-9511-4332-B56F-968639A8B1DB}.Release|Any CPU.Build.0 = Release|Any CPU
		{47DFC7C8-3A6C-48A7-9CE1-90477C5DA52D}.Debug|Any CPU.ActiveCfg = Debug|Any CPU
		{47DFC7C8-3A6C-48A7-9CE1-90477C5DA52D}.Debug|Any CPU.Build.0 = Debug|Any CPU
		{47DFC7C8-3A6C-48A7-9CE1-90477C5DA52D}.Release|Any CPU.ActiveCfg = Release|Any CPU
		{47DFC7C8-3A6C-48A7-9CE1-90477C5DA52D}.Release|Any CPU.Build.0 = Release|Any CPU
	EndGlobalSection
	GlobalSection(SolutionProperties) = preSolution
		HideSolutionNode = FALSE
	EndGlobalSection
	GlobalSection(ExtensibilityGlobals) = postSolution
		SolutionGuid = {FD63979B-52D5-4544-A426-2A4CB8033CBA}
	EndGlobalSection
EndGlobal
