
Microsoft Visual Studio Solution File, Format Version 12.00
# Visual Studio 15
VisualStudioVersion = 15.0.26430.16
MinimumVisualStudioVersion = 10.0.40219.1
Project("{FAE04EC0-301F-11D3-BF4B-00C04F79EFBC}") = "Exercises 3", "Exercises 3\Exercises 3.csproj", "{AD1D2063-F953-4E0B-86F5-FA1806A27878}"
EndProject
Global
	GlobalSection(SolutionConfigurationPlatforms) = preSolution
		Debug|Any CPU = Debug|Any CPU
		Release|Any CPU = Release|Any CPU
	EndGlobalSection
	GlobalSection(ProjectConfigurationPlatforms) = postSolution
		{AD1D2063-F953-4E0B-86F5-FA1806A27878}.Debug|Any CPU.ActiveCfg = Debug|Any CPU
		{AD1D2063-F953-4E0B-86F5-FA1806A27878}.Debug|Any CPU.Build.0 = Debug|Any CPU
		{AD1D2063-F953-4E0B-86F5-FA1806A27878}.Release|Any CPU.ActiveCfg = Release|Any CPU
		{AD1D2063-F953-4E0B-86F5-FA1806A27878}.Release|Any CPU.Build.0 = Release|Any CPU
	EndGlobalSection
	GlobalSection(SolutionProperties) = preSolution
		HideSolutionNode = FALSE
	EndGlobalSection
EndGlobal
